
Microsoft Visual Studio Solution File, Format Version 12.00
# Visual Studio Version 16
VisualStudioVersion = 16.0.29230.47
MinimumVisualStudioVersion = 10.0.40219.1
Project("{FAE04EC0-301F-11D3-BF4B-00C04F79EFBC}") = "Pract1", "Pract1\Pract1.csproj", "{56333489-F3FF-4EC4-BB67-0A40770B8215}"
EndProject
Project("{FAE04EC0-301F-11D3-BF4B-00C04F79EFBC}") = "Pract2", "Pract2\Pract2.csproj", "{920BBE2C-3B11-4E96-82CC-D583264D3F0A}"
EndProject
Project("{FAE04EC0-301F-11D3-BF4B-00C04F79EFBC}") = "Pract3", "Pract3\Pract3.csproj", "{9D0A15DD-A41D-495D-859B-695402002063}"
EndProject
Project("{FAE04EC0-301F-11D3-BF4B-00C04F79EFBC}") = "Pract4", "Pract4\Pract4.csproj", "{08795431-F973-4AD8-9B1C-52A87915AD16}"
EndProject
Project("{FAE04EC0-301F-11D3-BF4B-00C04F79EFBC}") = "Pract5", "Pract5\Pract5.csproj", "{CC8C1A25-B620-4DB9-9505-7F552A90C965}"
EndProject
Project("{FAE04EC0-301F-11D3-BF4B-00C04F79EFBC}") = "Pract6", "Pract6\Pract6.csproj", "{88CC02FC-9492-4F73-976C-C8C6440EDEF5}"
EndProject
Project("{FAE04EC0-301F-11D3-BF4B-00C04F79EFBC}") = "Pract7", "ConsoleApp2\Pract7.csproj", "{1DB43D3F-7BF3-4434-9333-2AF8DEFE0B23}"
EndProject
Project("{FAE04EC0-301F-11D3-BF4B-00C04F79EFBC}") = "Pract8", "Pract8\Pract8.csproj", "{128A68E7-48AA-464E-B28E-F4B111B8592E}"
EndProject
Project("{FAE04EC0-301F-11D3-BF4B-00C04F79EFBC}") = "Pract9", "Pract9\Pract9.csproj", "{B57FA118-A26A-4581-8B79-6518B3890A92}"
EndProject
Project("{FAE04EC0-301F-11D3-BF4B-00C04F79EFBC}") = "Pract10", "Pract10\Pract10.csproj", "{8B3911C8-7F20-4D4B-B149-0A338CF890A7}"
EndProject
Project("{FAE04EC0-301F-11D3-BF4B-00C04F79EFBC}") = "Pract11", "Pract11\Pract11.csproj", "{10E54DC5-A987-4FF6-9B39-852260CB96B4}"
EndProject
Global
	GlobalSection(SolutionConfigurationPlatforms) = preSolution
		Debug|Any CPU = Debug|Any CPU
		Release|Any CPU = Release|Any CPU
	EndGlobalSection
	GlobalSection(ProjectConfigurationPlatforms) = postSolution
		{56333489-F3FF-4EC4-BB67-0A40770B8215}.Debug|Any CPU.ActiveCfg = Debug|Any CPU
		{56333489-F3FF-4EC4-BB67-0A40770B8215}.Debug|Any CPU.Build.0 = Debug|Any CPU
		{56333489-F3FF-4EC4-BB67-0A40770B8215}.Release|Any CPU.ActiveCfg = Release|Any CPU
		{56333489-F3FF-4EC4-BB67-0A40770B8215}.Release|Any CPU.Build.0 = Release|Any CPU
		{920BBE2C-3B11-4E96-82CC-D583264D3F0A}.Debug|Any CPU.ActiveCfg = Debug|Any CPU
		{920BBE2C-3B11-4E96-82CC-D583264D3F0A}.Debug|Any CPU.Build.0 = Debug|Any CPU
		{920BBE2C-3B11-4E96-82CC-D583264D3F0A}.Release|Any CPU.ActiveCfg = Release|Any CPU
		{920BBE2C-3B11-4E96-82CC-D583264D3F0A}.Release|Any CPU.Build.0 = Release|Any CPU
		{9D0A15DD-A41D-495D-859B-695402002063}.Debug|Any CPU.ActiveCfg = Debug|Any CPU
		{9D0A15DD-A41D-495D-859B-695402002063}.Debug|Any CPU.Build.0 = Debug|Any CPU
		{9D0A15DD-A41D-495D-859B-695402002063}.Release|Any CPU.ActiveCfg = Release|Any CPU
		{9D0A15DD-A41D-495D-859B-695402002063}.Release|Any CPU.Build.0 = Release|Any CPU
		{08795431-F973-4AD8-9B1C-52A87915AD16}.Debug|Any CPU.ActiveCfg = Debug|Any CPU
		{08795431-F973-4AD8-9B1C-52A87915AD16}.Debug|Any CPU.Build.0 = Debug|Any CPU
		{08795431-F973-4AD8-9B1C-52A87915AD16}.Release|Any CPU.ActiveCfg = Release|Any CPU
		{08795431-F973-4AD8-9B1C-52A87915AD16}.Release|Any CPU.Build.0 = Release|Any CPU
		{CC8C1A25-B620-4DB9-9505-7F552A90C965}.Debug|Any CPU.ActiveCfg = Debug|Any CPU
		{CC8C1A25-B620-4DB9-9505-7F552A90C965}.Debug|Any CPU.Build.0 = Debug|Any CPU
		{CC8C1A25-B620-4DB9-9505-7F552A90C965}.Release|Any CPU.ActiveCfg = Release|Any CPU
		{CC8C1A25-B620-4DB9-9505-7F552A90C965}.Release|Any CPU.Build.0 = Release|Any CPU
		{88CC02FC-9492-4F73-976C-C8C6440EDEF5}.Debug|Any CPU.ActiveCfg = Debug|Any CPU
		{88CC02FC-9492-4F73-976C-C8C6440EDEF5}.Debug|Any CPU.Build.0 = Debug|Any CPU
		{88CC02FC-9492-4F73-976C-C8C6440EDEF5}.Release|Any CPU.ActiveCfg = Release|Any CPU
		{88CC02FC-9492-4F73-976C-C8C6440EDEF5}.Release|Any CPU.Build.0 = Release|Any CPU
		{1DB43D3F-7BF3-4434-9333-2AF8DEFE0B23}.Debug|Any CPU.ActiveCfg = Debug|Any CPU
		{1DB43D3F-7BF3-4434-9333-2AF8DEFE0B23}.Debug|Any CPU.Build.0 = Debug|Any CPU
		{1DB43D3F-7BF3-4434-9333-2AF8DEFE0B23}.Release|Any CPU.ActiveCfg = Release|Any CPU
		{1DB43D3F-7BF3-4434-9333-2AF8DEFE0B23}.Release|Any CPU.Build.0 = Release|Any CPU
		{128A68E7-48AA-464E-B28E-F4B111B8592E}.Debug|Any CPU.ActiveCfg = Debug|Any CPU
		{128A68E7-48AA-464E-B28E-F4B111B8592E}.Debug|Any CPU.Build.0 = Debug|Any CPU
		{128A68E7-48AA-464E-B28E-F4B111B8592E}.Release|Any CPU.ActiveCfg = Release|Any CPU
		{128A68E7-48AA-464E-B28E-F4B111B8592E}.Release|Any CPU.Build.0 = Release|Any CPU
		{B57FA118-A26A-4581-8B79-6518B3890A92}.Debug|Any CPU.ActiveCfg = Debug|Any CPU
		{B57FA118-A26A-4581-8B79-6518B3890A92}.Debug|Any CPU.Build.0 = Debug|Any CPU
		{B57FA118-A26A-4581-8B79-6518B3890A92}.Release|Any CPU.ActiveCfg = Release|Any CPU
		{B57FA118-A26A-4581-8B79-6518B3890A92}.Release|Any CPU.Build.0 = Release|Any CPU
		{8B3911C8-7F20-4D4B-B149-0A338CF890A7}.Debug|Any CPU.ActiveCfg = Debug|Any CPU
		{8B3911C8-7F20-4D4B-B149-0A338CF890A7}.Debug|Any CPU.Build.0 = Debug|Any CPU
		{8B3911C8-7F20-4D4B-B149-0A338CF890A7}.Release|Any CPU.ActiveCfg = Release|Any CPU
		{8B3911C8-7F20-4D4B-B149-0A338CF890A7}.Release|Any CPU.Build.0 = Release|Any CPU
		{10E54DC5-A987-4FF6-9B39-852260CB96B4}.Debug|Any CPU.ActiveCfg = Debug|Any CPU
		{10E54DC5-A987-4FF6-9B39-852260CB96B4}.Debug|Any CPU.Build.0 = Debug|Any CPU
		{10E54DC5-A987-4FF6-9B39-852260CB96B4}.Release|Any CPU.ActiveCfg = Release|Any CPU
		{10E54DC5-A987-4FF6-9B39-852260CB96B4}.Release|Any CPU.Build.0 = Release|Any CPU
	EndGlobalSection
	GlobalSection(SolutionProperties) = preSolution
		HideSolutionNode = FALSE
	EndGlobalSection
	GlobalSection(ExtensibilityGlobals) = postSolution
		SolutionGuid = {7C4BA066-0C52-464D-9A7B-3F3E27B0F4D8}
	EndGlobalSection
EndGlobal
